
Microsoft Visual Studio Solution File, Format Version 12.00
# Visual Studio 15
VisualStudioVersion = 15.0.28307.572
MinimumVisualStudioVersion = 10.0.40219.1
Project("{9A19103F-16F7-4668-BE54-9A1E7A4F7556}") = "anc-web-api", "anc-web-api\anc-web-api.csproj", "{20CC4679-4EDE-4D18-B01B-184FAE19F56C}"
EndProject
Project("{9A19103F-16F7-4668-BE54-9A1E7A4F7556}") = "anc-web-api-test", "anc-web-api-test\anc-web-api-test.csproj", "{AC630F10-F592-4468-ABBF-193E56BDB0BB}"
EndProject
Project("{2150E333-8FDC-42A3-9474-1A3956D46DE8}") = "ci", "ci", "{DEF61C9C-917A-4E8B-9615-8ADC396F9BAD}"
	ProjectSection(SolutionItems) = preProject
		ci\pipeline-ver1.yml = ci\pipeline-ver1.yml
		ci\pipeline-ver2.yml = ci\pipeline-ver2.yml
		ci\pipeline-ver3.yml = ci\pipeline-ver3.yml
		ci\variables.yml = ci\variables.yml
	EndProjectSection
EndProject
Global
	GlobalSection(SolutionConfigurationPlatforms) = preSolution
		Debug|Any CPU = Debug|Any CPU
		Release|Any CPU = Release|Any CPU
	EndGlobalSection
	GlobalSection(ProjectConfigurationPlatforms) = postSolution
		{20CC4679-4EDE-4D18-B01B-184FAE19F56C}.Debug|Any CPU.ActiveCfg = Debug|Any CPU
		{20CC4679-4EDE-4D18-B01B-184FAE19F56C}.Debug|Any CPU.Build.0 = Debug|Any CPU
		{20CC4679-4EDE-4D18-B01B-184FAE19F56C}.Release|Any CPU.ActiveCfg = Release|Any CPU
		{20CC4679-4EDE-4D18-B01B-184FAE19F56C}.Release|Any CPU.Build.0 = Release|Any CPU
		{AC630F10-F592-4468-ABBF-193E56BDB0BB}.Debug|Any CPU.ActiveCfg = Debug|Any CPU
		{AC630F10-F592-4468-ABBF-193E56BDB0BB}.Debug|Any CPU.Build.0 = Debug|Any CPU
		{AC630F10-F592-4468-ABBF-193E56BDB0BB}.Release|Any CPU.ActiveCfg = Release|Any CPU
		{AC630F10-F592-4468-ABBF-193E56BDB0BB}.Release|Any CPU.Build.0 = Release|Any CPU
	EndGlobalSection
	GlobalSection(SolutionProperties) = preSolution
		HideSolutionNode = FALSE
	EndGlobalSection
	GlobalSection(ExtensibilityGlobals) = postSolution
		SolutionGuid = {2D93E343-759A-4983-84D9-5AD22B4C1566}
	EndGlobalSection
EndGlobal
